{
  "originHash" : "c5bd288c350cee66ea4c15553bf75c99902caf86d726465f8aa315fcc35398bc",
  "pins" : [
    {
      "identity" : "swift-json-schema",
      "kind" : "remoteSourceControl",
      "location" : "https://github.com/gavinaboulhosn/swift-json-schema.git",
      "state" : {
        "branch" : "main",
        "revision" : "be5966f5284482c3b91ab041b0486ccb2acc64a2"
      }
    },
    {
      "identity" : "swift-syntax",
      "kind" : "remoteSourceControl",
      "location" : "https://github.com/swiftlang/swift-syntax.git",
      "state" : {
        "revision" : "0687f71944021d616d34d922343dcef086855920",
        "version" : "600.0.1"
      }
    }
  ],
  "version" : 3
}
